// !$*UTF8*$!
{
	archiveVersion = 1;
	classes = {
	};
	objectVersion = 55;
	objects = {

/* Begin PBXBuildFile section */
		6A5702D629172605005C8BA5 /* AppDelegate.swift in Sources */ = {isa = PBXBuildFile; fileRef = 6A5702D529172605005C8BA5 /* AppDelegate.swift */; };
		6A5702D829172605005C8BA5 /* SceneDelegate.swift in Sources */ = {isa = PBXBuildFile; fileRef = 6A5702D729172605005C8BA5 /* SceneDelegate.swift */; };
		6A5702DA29172605005C8BA5 /* ViewController.swift in Sources */ = {isa = PBXBuildFile; fileRef = 6A5702D929172605005C8BA5 /* ViewController.swift */; };
		6A5702DD29172605005C8BA5 /* Main.storyboard in Resources */ = {isa = PBXBuildFile; fileRef = 6A5702DB29172605005C8BA5 /* Main.storyboard */; };
		6A5702DF29172606005C8BA5 /* Assets.xcassets in Resources */ = {isa = PBXBuildFile; fileRef = 6A5702DE29172606005C8BA5 /* Assets.xcassets */; };
		6A5702E229172606005C8BA5 /* LaunchScreen.storyboard in Resources */ = {isa = PBXBuildFile; fileRef = 6A5702E029172606005C8BA5 /* LaunchScreen.storyboard */; };
		6A5702ED29172A06005C8BA5 /* Employee.swift in Sources */ = {isa = PBXBuildFile; fileRef = 6A5702EC29172A06005C8BA5 /* Employee.swift */; };
		6A5702F029172A35005C8BA5 /* ViewModel.swift in Sources */ = {isa = PBXBuildFile; fileRef = 6A5702EF29172A35005C8BA5 /* ViewModel.swift */; };
		6A5702F829172E4B005C8BA5 /* EmployeeTableViewCell.swift in Sources */ = {isa = PBXBuildFile; fileRef = 6A5702F629172E4B005C8BA5 /* EmployeeTableViewCell.swift */; };
		6A5702F929172E4B005C8BA5 /* EmployeeTableViewCell.xib in Resources */ = {isa = PBXBuildFile; fileRef = 6A5702F729172E4B005C8BA5 /* EmployeeTableViewCell.xib */; };
		6A5702FD29174D0C005C8BA5 /* String+Extensions.swift in Sources */ = {isa = PBXBuildFile; fileRef = 6A5702FC29174D0C005C8BA5 /* String+Extensions.swift */; };
		DDEF099137A55600744EDC8E /* Pods_EmployeeSystem.framework in Frameworks */ = {isa = PBXBuildFile; fileRef = AF2E4B0CE75237D293AC5A44 /* Pods_EmployeeSystem.framework */; };
/* End PBXBuildFile section */

/* Begin PBXFileReference section */
		3AA5CD5773A1ED9F92CEF4B4 /* Pods-EmployeeSystem.debug.xcconfig */ = {isa = PBXFileReference; includeInIndex = 1; lastKnownFileType = text.xcconfig; name = "Pods-EmployeeSystem.debug.xcconfig"; path = "Target Support Files/Pods-EmployeeSystem/Pods-EmployeeSystem.debug.xcconfig"; sourceTree = "<group>"; };
		6A5702D229172605005C8BA5 /* EmployeeSystem.app */ = {isa = PBXFileReference; explicitFileType = wrapper.application; includeInIndex = 0; path = EmployeeSystem.app; sourceTree = BUILT_PRODUCTS_DIR; };
		6A5702D529172605005C8BA5 /* AppDelegate.swift */ = {isa = PBXFileReference; lastKnownFileType = sourcecode.swift; path = AppDelegate.swift; sourceTree = "<group>"; };
		6A5702D729172605005C8BA5 /* SceneDelegate.swift */ = {isa = PBXFileReference; lastKnownFileType = sourcecode.swift; path = SceneDelegate.swift; sourceTree = "<group>"; };
		6A5702D929172605005C8BA5 /* ViewController.swift */ = {isa = PBXFileReference; lastKnownFileType = sourcecode.swift; path = ViewController.swift; sourceTree = "<group>"; };
		6A5702DC29172605005C8BA5 /* Base */ = {isa = PBXFileReference; lastKnownFileType = file.storyboard; name = Base; path = Base.lproj/Main.storyboard; sourceTree = "<group>"; };
		6A5702DE29172606005C8BA5 /* Assets.xcassets */ = {isa = PBXFileReference; lastKnownFileType = folder.assetcatalog; path = Assets.xcassets; sourceTree = "<group>"; };
		6A5702E129172606005C8BA5 /* Base */ = {isa = PBXFileReference; lastKnownFileType = file.storyboard; name = Base; path = Base.lproj/LaunchScreen.storyboard; sourceTree = "<group>"; };
		6A5702E329172606005C8BA5 /* Info.plist */ = {isa = PBXFileReference; lastKnownFileType = text.plist.xml; path = Info.plist; sourceTree = "<group>"; };
		6A5702EC29172A06005C8BA5 /* Employee.swift */ = {isa = PBXFileReference; lastKnownFileType = sourcecode.swift; path = Employee.swift; sourceTree = "<group>"; };
		6A5702EF29172A35005C8BA5 /* ViewModel.swift */ = {isa = PBXFileReference; lastKnownFileType = sourcecode.swift; path = ViewModel.swift; sourceTree = "<group>"; };
		6A5702F629172E4B005C8BA5 /* EmployeeTableViewCell.swift */ = {isa = PBXFileReference; lastKnownFileType = sourcecode.swift; path = EmployeeTableViewCell.swift; sourceTree = "<group>"; };
		6A5702F729172E4B005C8BA5 /* EmployeeTableViewCell.xib */ = {isa = PBXFileReference; lastKnownFileType = file.xib; path = EmployeeTableViewCell.xib; sourceTree = "<group>"; };
		6A5702FC29174D0C005C8BA5 /* String+Extensions.swift */ = {isa = PBXFileReference; lastKnownFileType = sourcecode.swift; path = "String+Extensions.swift"; sourceTree = "<group>"; };
		76860274E2F16C009938582F /* Pods-EmployeeSystem.release.xcconfig */ = {isa = PBXFileReference; includeInIndex = 1; lastKnownFileType = text.xcconfig; name = "Pods-EmployeeSystem.release.xcconfig"; path = "Target Support Files/Pods-EmployeeSystem/Pods-EmployeeSystem.release.xcconfig"; sourceTree = "<group>"; };
		AF2E4B0CE75237D293AC5A44 /* Pods_EmployeeSystem.framework */ = {isa = PBXFileReference; explicitFileType = wrapper.framework; includeInIndex = 0; path = Pods_EmployeeSystem.framework; sourceTree = BUILT_PRODUCTS_DIR; };
/* End PBXFileReference section */

/* Begin PBXFrameworksBuildPhase section */
		6A5702CF29172605005C8BA5 /* Frameworks */ = {
			isa = PBXFrameworksBuildPhase;
			buildActionMask = 2147483647;
			files = (
				DDEF099137A55600744EDC8E /* Pods_EmployeeSystem.framework in Frameworks */,
			);
			runOnlyForDeploymentPostprocessing = 0;
		};
/* End PBXFrameworksBuildPhase section */

/* Begin PBXGroup section */
		6A5702C929172605005C8BA5 = {
			isa = PBXGroup;
			children = (
				6A5702D429172605005C8BA5 /* EmployeeSystem */,
				6A5702D329172605005C8BA5 /* Products */,
				7064E49E0B5F3FF3D14B6423 /* Pods */,
				984CF1C078807F2E541ED851 /* Frameworks */,
			);
			sourceTree = "<group>";
		};
		6A5702D329172605005C8BA5 /* Products */ = {
			isa = PBXGroup;
			children = (
				6A5702D229172605005C8BA5 /* EmployeeSystem.app */,
			);
			name = Products;
			sourceTree = "<group>";
		};
		6A5702D429172605005C8BA5 /* EmployeeSystem */ = {
			isa = PBXGroup;
			children = (
				6A5702FB29174CFA005C8BA5 /* Extensions */,
				6A5702F329172CBF005C8BA5 /* View */,
				6A5702EE29172A23005C8BA5 /* ViewModel */,
				6A5702EB291729F0005C8BA5 /* Model */,
				6A5702D529172605005C8BA5 /* AppDelegate.swift */,
				6A5702D729172605005C8BA5 /* SceneDelegate.swift */,
				6A5702D929172605005C8BA5 /* ViewController.swift */,
				6A5702DB29172605005C8BA5 /* Main.storyboard */,
				6A5702DE29172606005C8BA5 /* Assets.xcassets */,
				6A5702E029172606005C8BA5 /* LaunchScreen.storyboard */,
				6A5702E329172606005C8BA5 /* Info.plist */,
			);
			path = EmployeeSystem;
			sourceTree = "<group>";
		};
		6A5702EB291729F0005C8BA5 /* Model */ = {
			isa = PBXGroup;
			children = (
				6A5702EC29172A06005C8BA5 /* Employee.swift */,
			);
			path = Model;
			sourceTree = "<group>";
		};
		6A5702EE29172A23005C8BA5 /* ViewModel */ = {
			isa = PBXGroup;
			children = (
				6A5702EF29172A35005C8BA5 /* ViewModel.swift */,
			);
			path = ViewModel;
			sourceTree = "<group>";
		};
		6A5702F329172CBF005C8BA5 /* View */ = {
			isa = PBXGroup;
			children = (
				6A5702FA29174AD5005C8BA5 /* EmployeeTableViewCell */,
			);
			path = View;
			sourceTree = "<group>";
		};
		6A5702FA29174AD5005C8BA5 /* EmployeeTableViewCell */ = {
			isa = PBXGroup;
			children = (
				6A5702F629172E4B005C8BA5 /* EmployeeTableViewCell.swift */,
				6A5702F729172E4B005C8BA5 /* EmployeeTableViewCell.xib */,
			);
			path = EmployeeTableViewCell;
			sourceTree = "<group>";
		};
		6A5702FB29174CFA005C8BA5 /* Extensions */ = {
			isa = PBXGroup;
			children = (
				6A5702FC29174D0C005C8BA5 /* String+Extensions.swift */,
			);
			path = Extensions;
			sourceTree = "<group>";
		};
		7064E49E0B5F3FF3D14B6423 /* Pods */ = {
			isa = PBXGroup;
			children = (
				3AA5CD5773A1ED9F92CEF4B4 /* Pods-EmployeeSystem.debug.xcconfig */,
				76860274E2F16C009938582F /* Pods-EmployeeSystem.release.xcconfig */,
			);
			path = Pods;
			sourceTree = "<group>";
		};
		984CF1C078807F2E541ED851 /* Frameworks */ = {
			isa = PBXGroup;
			children = (
				AF2E4B0CE75237D293AC5A44 /* Pods_EmployeeSystem.framework */,
			);
			name = Frameworks;
			sourceTree = "<group>";
		};
/* End PBXGroup section */

/* Begin PBXNativeTarget section */
		6A5702D129172605005C8BA5 /* EmployeeSystem */ = {
			isa = PBXNativeTarget;
			buildConfigurationList = 6A5702E629172606005C8BA5 /* Build configuration list for PBXNativeTarget "EmployeeSystem" */;
			buildPhases = (
				35F7D9D816A92202441AC151 /* [CP] Check Pods Manifest.lock */,
				6A5702CE29172605005C8BA5 /* Sources */,
				6A5702CF29172605005C8BA5 /* Frameworks */,
				6A5702D029172605005C8BA5 /* Resources */,
				5BF72E79FEF39763BFF99DE5 /* [CP] Embed Pods Frameworks */,
			);
			buildRules = (
			);
			dependencies = (
			);
			name = EmployeeSystem;
			productName = EmployeeSystem;
			productReference = 6A5702D229172605005C8BA5 /* EmployeeSystem.app */;
			productType = "com.apple.product-type.application";
		};
/* End PBXNativeTarget section */

/* Begin PBXProject section */
		6A5702CA29172605005C8BA5 /* Project object */ = {
			isa = PBXProject;
			attributes = {
				BuildIndependentTargetsInParallel = 1;
				LastSwiftUpdateCheck = 1410;
				LastUpgradeCheck = 1410;
				TargetAttributes = {
					6A5702D129172605005C8BA5 = {
						CreatedOnToolsVersion = 14.1;
					};
				};
			};
			buildConfigurationList = 6A5702CD29172605005C8BA5 /* Build configuration list for PBXProject "EmployeeSystem" */;
			compatibilityVersion = "Xcode 13.0";
			developmentRegion = en;
			hasScannedForEncodings = 0;
			knownRegions = (
				en,
				Base,
			);
			mainGroup = 6A5702C929172605005C8BA5;
			productRefGroup = 6A5702D329172605005C8BA5 /* Products */;
			projectDirPath = "";
			projectRoot = "";
			targets = (
				6A5702D129172605005C8BA5 /* EmployeeSystem */,
			);
		};
/* End PBXProject section */

/* Begin PBXResourcesBuildPhase section */
		6A5702D029172605005C8BA5 /* Resources */ = {
			isa = PBXResourcesBuildPhase;
			buildActionMask = 2147483647;
			files = (
				6A5702E229172606005C8BA5 /* LaunchScreen.storyboard in Resources */,
				6A5702DF29172606005C8BA5 /* Assets.xcassets in Resources */,
				6A5702F929172E4B005C8BA5 /* EmployeeTableViewCell.xib in Resources */,
				6A5702DD29172605005C8BA5 /* Main.storyboard in Resources */,
			);
			runOnlyForDeploymentPostprocessing = 0;
		};
/* End PBXResourcesBuildPhase section */

/* Begin PBXShellScriptBuildPhase section */
		35F7D9D816A92202441AC151 /* [CP] Check Pods Manifest.lock */ = {
			isa = PBXShellScriptBuildPhase;
			buildActionMask = 2147483647;
			files = (
			);
			inputFileListPaths = (
			);
			inputPaths = (
				"${PODS_PODFILE_DIR_PATH}/Podfile.lock",
				"${PODS_ROOT}/Manifest.lock",
			);
			name = "[CP] Check Pods Manifest.lock";
			outputFileListPaths = (
			);
			outputPaths = (
				"$(DERIVED_FILE_DIR)/Pods-EmployeeSystem-checkManifestLockResult.txt",
			);
			runOnlyForDeploymentPostprocessing = 0;
			shellPath = /bin/sh;
			shellScript = "diff \"${PODS_PODFILE_DIR_PATH}/Podfile.lock\" \"${PODS_ROOT}/Manifest.lock\" > /dev/null\nif [ $? != 0 ] ; then\n    # print error to STDERR\n    echo \"error: The sandbox is not in sync with the Podfile.lock. Run 'pod install' or update your CocoaPods installation.\" >&2\n    exit 1\nfi\n# This output is used by Xcode 'outputs' to avoid re-running this script phase.\necho \"SUCCESS\" > \"${SCRIPT_OUTPUT_FILE_0}\"\n";
			showEnvVarsInLog = 0;
		};
		5BF72E79FEF39763BFF99DE5 /* [CP] Embed Pods Frameworks */ = {
			isa = PBXShellScriptBuildPhase;
			buildActionMask = 2147483647;
			files = (
			);
			inputFileListPaths = (
				"${PODS_ROOT}/Target Support Files/Pods-EmployeeSystem/Pods-EmployeeSystem-frameworks-${CONFIGURATION}-input-files.xcfilelist",
			);
			name = "[CP] Embed Pods Frameworks";
			outputFileListPaths = (
				"${PODS_ROOT}/Target Support Files/Pods-EmployeeSystem/Pods-EmployeeSystem-frameworks-${CONFIGURATION}-output-files.xcfilelist",
			);
			runOnlyForDeploymentPostprocessing = 0;
			shellPath = /bin/sh;
			shellScript = "\"${PODS_ROOT}/Target Support Files/Pods-EmployeeSystem/Pods-EmployeeSystem-frameworks.sh\"\n";
			showEnvVarsInLog = 0;
		};
/* End PBXShellScriptBuildPhase section */

/* Begin PBXSourcesBuildPhase section */
		6A5702CE29172605005C8BA5 /* Sources */ = {
			isa = PBXSourcesBuildPhase;
			buildActionMask = 2147483647;
			files = (
				6A5702F029172A35005C8BA5 /* ViewModel.swift in Sources */,
				6A5702FD29174D0C005C8BA5 /* String+Extensions.swift in Sources */,
				6A5702DA29172605005C8BA5 /* ViewController.swift in Sources */,
				6A5702ED29172A06005C8BA5 /* Employee.swift in Sources */,
				6A5702D629172605005C8BA5 /* AppDelegate.swift in Sources */,
				6A5702D829172605005C8BA5 /* SceneDelegate.swift in Sources */,
				6A5702F829172E4B005C8BA5 /* EmployeeTableViewCell.swift in Sources */,
			);
			runOnlyForDeploymentPostprocessing = 0;
		};
/* End PBXSourcesBuildPhase section */

/* Begin PBXVariantGroup section */
		6A5702DB29172605005C8BA5 /* Main.storyboard */ = {
			isa = PBXVariantGroup;
			children = (
				6A5702DC29172605005C8BA5 /* Base */,
			);
			name = Main.storyboard;
			sourceTree = "<group>";
		};
		6A5702E029172606005C8BA5 /* LaunchScreen.storyboard */ = {
			isa = PBXVariantGroup;
			children = (
				6A5702E129172606005C8BA5 /* Base */,
			);
			name = LaunchScreen.storyboard;
			sourceTree = "<group>";
		};
/* End PBXVariantGroup section */

/* Begin XCBuildConfiguration section */
		6A5702E429172606005C8BA5 /* Debug */ = {
			isa = XCBuildConfiguration;
			buildSettings = {
				ALWAYS_SEARCH_USER_PATHS = NO;
				CLANG_ANALYZER_NONNULL = YES;
				CLANG_ANALYZER_NUMBER_OBJECT_CONVERSION = YES_AGGRESSIVE;
				CLANG_CXX_LANGUAGE_STANDARD = "gnu++20";
				CLANG_ENABLE_MODULES = YES;
				CLANG_ENABLE_OBJC_ARC = YES;
				CLANG_ENABLE_OBJC_WEAK = YES;
				CLANG_WARN_BLOCK_CAPTURE_AUTORELEASING = YES;
				CLANG_WARN_BOOL_CONVERSION = YES;
				CLANG_WARN_COMMA = YES;
				CLANG_WARN_CONSTANT_CONVERSION = YES;
				CLANG_WARN_DEPRECATED_OBJC_IMPLEMENTATIONS = YES;
				CLANG_WARN_DIRECT_OBJC_ISA_USAGE = YES_ERROR;
				CLANG_WARN_DOCUMENTATION_COMMENTS = YES;
				CLANG_WARN_EMPTY_BODY = YES;
				CLANG_WARN_ENUM_CONVERSION = YES;
				CLANG_WARN_INFINITE_RECURSION = YES;
				CLANG_WARN_INT_CONVERSION = YES;
				CLANG_WARN_NON_LITERAL_NULL_CONVERSION = YES;
				CLANG_WARN_OBJC_IMPLICIT_RETAIN_SELF = YES;
				CLANG_WARN_OBJC_LITERAL_CONVERSION = YES;
				CLANG_WARN_OBJC_ROOT_CLASS = YES_ERROR;
				CLANG_WARN_QUOTED_INCLUDE_IN_FRAMEWORK_HEADER = YES;
				CLANG_WARN_RANGE_LOOP_ANALYSIS = YES;
				CLANG_WARN_STRICT_PROTOTYPES = YES;
				CLANG_WARN_SUSPICIOUS_MOVE = YES;
				CLANG_WARN_UNGUARDED_AVAILABILITY = YES_AGGRESSIVE;
				CLANG_WARN_UNREACHABLE_CODE = YES;
				CLANG_WARN__DUPLICATE_METHOD_MATCH = YES;
				COPY_PHASE_STRIP = NO;
				DEBUG_INFORMATION_FORMAT = dwarf;
				ENABLE_STRICT_OBJC_MSGSEND = YES;
				ENABLE_TESTABILITY = YES;
				GCC_C_LANGUAGE_STANDARD = gnu11;
				GCC_DYNAMIC_NO_PIC = NO;
				GCC_NO_COMMON_BLOCKS = YES;
				GCC_OPTIMIZATION_LEVEL = 0;
				GCC_PREPROCESSOR_DEFINITIONS = (
					"DEBUG=1",
					"$(inherited)",
				);
				GCC_WARN_64_TO_32_BIT_CONVERSION = YES;
				GCC_WARN_ABOUT_RETURN_TYPE = YES_ERROR;
				GCC_WARN_UNDECLARED_SELECTOR = YES;
				GCC_WARN_UNINITIALIZED_AUTOS = YES_AGGRESSIVE;
				GCC_WARN_UNUSED_FUNCTION = YES;
				GCC_WARN_UNUSED_VARIABLE = YES;
				IPHONEOS_DEPLOYMENT_TARGET = 16.1;
				MTL_ENABLE_DEBUG_INFO = INCLUDE_SOURCE;
				MTL_FAST_MATH = YES;
				ONLY_ACTIVE_ARCH = YES;
				SDKROOT = iphoneos;
				SWIFT_ACTIVE_COMPILATION_CONDITIONS = DEBUG;
				SWIFT_OPTIMIZATION_LEVEL = "-Onone";
			};
			name = Debug;
		};
		6A5702E529172606005C8BA5 /* Release */ = {
			isa = XCBuildConfiguration;
			buildSettings = {
				ALWAYS_SEARCH_USER_PATHS = NO;
				CLANG_ANALYZER_NONNULL = YES;
				CLANG_ANALYZER_NUMBER_OBJECT_CONVERSION = YES_AGGRESSIVE;
				CLANG_CXX_LANGUAGE_STANDARD = "gnu++20";
				CLANG_ENABLE_MODULES = YES;
				CLANG_ENABLE_OBJC_ARC = YES;
				CLANG_ENABLE_OBJC_WEAK = YES;
				CLANG_WARN_BLOCK_CAPTURE_AUTORELEASING = YES;
				CLANG_WARN_BOOL_CONVERSION = YES;
				CLANG_WARN_COMMA = YES;
				CLANG_WARN_CONSTANT_CONVERSION = YES;
				CLANG_WARN_DEPRECATED_OBJC_IMPLEMENTATIONS = YES;
				CLANG_WARN_DIRECT_OBJC_ISA_USAGE = YES_ERROR;
				CLANG_WARN_DOCUMENTATION_COMMENTS = YES;
				CLANG_WARN_EMPTY_BODY = YES;
				CLANG_WARN_ENUM_CONVERSION = YES;
				CLANG_WARN_INFINITE_RECURSION = YES;
				CLANG_WARN_INT_CONVERSION = YES;
				CLANG_WARN_NON_LITERAL_NULL_CONVERSION = YES;
				CLANG_WARN_OBJC_IMPLICIT_RETAIN_SELF = YES;
				CLANG_WARN_OBJC_LITERAL_CONVERSION = YES;
				CLANG_WARN_OBJC_ROOT_CLASS = YES_ERROR;
				CLANG_WARN_QUOTED_INCLUDE_IN_FRAMEWORK_HEADER = YES;
				CLANG_WARN_RANGE_LOOP_ANALYSIS = YES;
				CLANG_WARN_STRICT_PROTOTYPES = YES;
				CLANG_WARN_SUSPICIOUS_MOVE = YES;
				CLANG_WARN_UNGUARDED_AVAILABILITY = YES_AGGRESSIVE;
				CLANG_WARN_UNREACHABLE_CODE = YES;
				CLANG_WARN__DUPLICATE_METHOD_MATCH = YES;
				COPY_PHASE_STRIP = NO;
				DEBUG_INFORMATION_FORMAT = "dwarf-with-dsym";
				ENABLE_NS_ASSERTIONS = NO;
				ENABLE_STRICT_OBJC_MSGSEND = YES;
				GCC_C_LANGUAGE_STANDARD = gnu11;
				GCC_NO_COMMON_BLOCKS = YES;
				GCC_WARN_64_TO_32_BIT_CONVERSION = YES;
				GCC_WARN_ABOUT_RETURN_TYPE = YES_ERROR;
				GCC_WARN_UNDECLARED_SELECTOR = YES;
				GCC_WARN_UNINITIALIZED_AUTOS = YES_AGGRESSIVE;
				GCC_WARN_UNUSED_FUNCTION = YES;
				GCC_WARN_UNUSED_VARIABLE = YES;
				IPHONEOS_DEPLOYMENT_TARGET = 16.1;
				MTL_ENABLE_DEBUG_INFO = NO;
				MTL_FAST_MATH = YES;
				SDKROOT = iphoneos;
				SWIFT_COMPILATION_MODE = wholemodule;
				SWIFT_OPTIMIZATION_LEVEL = "-O";
				VALIDATE_PRODUCT = YES;
			};
			name = Release;
		};
		6A5702E729172606005C8BA5 /* Debug */ = {
			isa = XCBuildConfiguration;
			baseConfigurationReference = 3AA5CD5773A1ED9F92CEF4B4 /* Pods-EmployeeSystem.debug.xcconfig */;
			buildSettings = {
				ASSETCATALOG_COMPILER_APPICON_NAME = AppIcon;
				ASSETCATALOG_COMPILER_GLOBAL_ACCENT_COLOR_NAME = AccentColor;
				CODE_SIGN_STYLE = Automatic;
				CURRENT_PROJECT_VERSION = 1;
				DEVELOPMENT_TEAM = BTTHJ3LB56;
				GENERATE_INFOPLIST_FILE = YES;
				INFOPLIST_FILE = EmployeeSystem/Info.plist;
				INFOPLIST_KEY_UIApplicationSupportsIndirectInputEvents = YES;
				INFOPLIST_KEY_UILaunchStoryboardName = LaunchScreen;
				INFOPLIST_KEY_UIMainStoryboardFile = Main;
				INFOPLIST_KEY_UISupportedInterfaceOrientations_iPad = "UIInterfaceOrientationPortrait UIInterfaceOrientationPortraitUpsideDown UIInterfaceOrientationLandscapeLeft UIInterfaceOrientationLandscapeRight";
				INFOPLIST_KEY_UISupportedInterfaceOrientations_iPhone = "UIInterfaceOrientationPortrait UIInterfaceOrientationLandscapeLeft UIInterfaceOrientationLandscapeRight";
				LD_RUNPATH_SEARCH_PATHS = (
					"$(inherited)",
					"@executable_path/Frameworks",
				);
				MARKETING_VERSION = 1.0;
				PRODUCT_BUNDLE_IDENTIFIER = com.arthurtristanramos.heroes.EmployeeSystem;
				PRODUCT_NAME = "$(TARGET_NAME)";
				SWIFT_EMIT_LOC_STRINGS = YES;
				SWIFT_VERSION = 5.0;
				TARGETED_DEVICE_FAMILY = "1,2";
			};
			name = Debug;
		};
		6A5702E829172606005C8BA5 /* Release */ = {
			isa = XCBuildConfiguration;
			baseConfigurationReference = 76860274E2F16C009938582F /* Pods-EmployeeSystem.release.xcconfig */;
			buildSettings = {
				ASSETCATALOG_COMPILER_APPICON_NAME = AppIcon;
				ASSETCATALOG_COMPILER_GLOBAL_ACCENT_COLOR_NAME = AccentColor;
				CODE_SIGN_STYLE = Automatic;
				CURRENT_PROJECT_VERSION = 1;
				DEVELOPMENT_TEAM = BTTHJ3LB56;
				GENERATE_INFOPLIST_FILE = YES;
				INFOPLIST_FILE = EmployeeSystem/Info.plist;
				INFOPLIST_KEY_UIApplicationSupportsIndirectInputEvents = YES;
				INFOPLIST_KEY_UILaunchStoryboardName = LaunchScreen;
				INFOPLIST_KEY_UIMainStoryboardFile = Main;
				INFOPLIST_KEY_UISupportedInterfaceOrientations_iPad = "UIInterfaceOrientationPortrait UIInterfaceOrientationPortraitUpsideDown UIInterfaceOrientationLandscapeLeft UIInterfaceOrientationLandscapeRight";
				INFOPLIST_KEY_UISupportedInterfaceOrientations_iPhone = "UIInterfaceOrientationPortrait UIInterfaceOrientationLandscapeLeft UIInterfaceOrientationLandscapeRight";
				LD_RUNPATH_SEARCH_PATHS = (
					"$(inherited)",
					"@executable_path/Frameworks",
				);
				MARKETING_VERSION = 1.0;
				PRODUCT_BUNDLE_IDENTIFIER = com.arthurtristanramos.heroes.EmployeeSystem;
				PRODUCT_NAME = "$(TARGET_NAME)";
				SWIFT_EMIT_LOC_STRINGS = YES;
				SWIFT_VERSION = 5.0;
				TARGETED_DEVICE_FAMILY = "1,2";
			};
			name = Release;
		};
/* End XCBuildConfiguration section */

/* Begin XCConfigurationList section */
		6A5702CD29172605005C8BA5 /* Build configuration list for PBXProject "EmployeeSystem" */ = {
			isa = XCConfigurationList;
			buildConfigurations = (
				6A5702E429172606005C8BA5 /* Debug */,
				6A5702E529172606005C8BA5 /* Release */,
			);
			defaultConfigurationIsVisible = 0;
			defaultConfigurationName = Release;
		};
		6A5702E629172606005C8BA5 /* Build configuration list for PBXNativeTarget "EmployeeSystem" */ = {
			isa = XCConfigurationList;
			buildConfigurations = (
				6A5702E729172606005C8BA5 /* Debug */,
				6A5702E829172606005C8BA5 /* Release */,
			);
			defaultConfigurationIsVisible = 0;
			defaultConfigurationName = Release;
		};
/* End XCConfigurationList section */
	};
	rootObject = 6A5702CA29172605005C8BA5 /* Project object */;
}
